
Microsoft Visual Studio Solution File, Format Version 12.00
# Visual Studio Version 17
VisualStudioVersion = 17.0.31903.59
MinimumVisualStudioVersion = 10.0.40219.1
Project("{2150E333-8FDC-42A3-9474-1A3956D46DE8}") = "src", "src", "{D74C9FF0-D35A-47CF-AE41-4533A4A96610}"
EndProject
Project("{FAE04EC0-301F-11D3-BF4B-00C04F79EFBC}") = "GitVault.Core", "src\GitVault.Core\GitVault.Core.csproj", "{D17B3557-E341-433A-8ED0-61197BA6869A}"
EndProject
Project("{FAE04EC0-301F-11D3-BF4B-00C04F79EFBC}") = "GitVault.Localization", "src\GitVault.Localization\GitVault.Localization.csproj", "{02A69C3C-07A2-4AB8-886F-736B8EAD0627}"
EndProject
Project("{FAE04EC0-301F-11D3-BF4B-00C04F79EFBC}") = "GitVault.Platform.Windows", "src\GitVault.Platform.Windows\GitVault.Platform.Windows.csproj", "{B0328E8F-E8EC-4FD3-9376-1FB02586D602}"
EndProject
Project("{FAE04EC0-301F-11D3-BF4B-00C04F79EFBC}") = "GitVault.Platform.MacOS", "src\GitVault.Platform.MacOS\GitVault.Platform.MacOS.csproj", "{EF652C46-C879-436E-A63E-CE814B5714CE}"
EndProject
Project("{FAE04EC0-301F-11D3-BF4B-00C04F79EFBC}") = "GitVault.Platform.Linux", "src\GitVault.Platform.Linux\GitVault.Platform.Linux.csproj", "{C6D1B92D-0D74-43BD-A022-558B72879314}"
EndProject
Project("{FAE04EC0-301F-11D3-BF4B-00C04F79EFBC}") = "GitVault.App", "src\GitVault.App\GitVault.App.csproj", "{2D793AAA-E550-4A02-AE07-5028F75D0965}"
EndProject
Project("{2150E333-8FDC-42A3-9474-1A3956D46DE8}") = "tests", "tests", "{94DCC516-BB49-48C7-BA58-F8EAE21DB7E0}"
EndProject
Project("{FAE04EC0-301F-11D3-BF4B-00C04F79EFBC}") = "GitVault.Core.Tests", "tests\GitVault.Core.Tests\GitVault.Core.Tests.csproj", "{EEF0546E-5ADB-4C08-B63A-D7A33F0FDF06}"
EndProject
Project("{FAE04EC0-301F-11D3-BF4B-00C04F79EFBC}") = "GitVault.App.Tests", "tests\GitVault.App.Tests\GitVault.App.Tests.csproj", "{BF8E421F-A7FD-4625-A624-F66A0F3C2BDA}"
EndProject
Project("{FAE04EC0-301F-11D3-BF4B-00C04F79EFBC}") = "GitVault.Clients", "src\GitVault.Clients\GitVault.Clients.csproj", "{329E0F20-CB4A-4EE4-84AF-29CD5BD22D62}"
EndProject
Project("{FAE04EC0-301F-11D3-BF4B-00C04F79EFBC}") = "GitVault.Clients.Tests", "tests\GitVault.Clients.Tests\GitVault.Clients.Tests.csproj", "{523F7331-77FC-46F9-90C6-72673D025509}"
EndProject
Global
	GlobalSection(SolutionConfigurationPlatforms) = preSolution
		Debug|Any CPU = Debug|Any CPU
		Release|Any CPU = Release|Any CPU
	EndGlobalSection
	GlobalSection(SolutionProperties) = preSolution
		HideSolutionNode = FALSE
	EndGlobalSection
	GlobalSection(ProjectConfigurationPlatforms) = postSolution
		{D17B3557-E341-433A-8ED0-61197BA6869A}.Debug|Any CPU.ActiveCfg = Debug|Any CPU
		{D17B3557-E341-433A-8ED0-61197BA6869A}.Debug|Any CPU.Build.0 = Debug|Any CPU
		{D17B3557-E341-433A-8ED0-61197BA6869A}.Release|Any CPU.ActiveCfg = Release|Any CPU
		{D17B3557-E341-433A-8ED0-61197BA6869A}.Release|Any CPU.Build.0 = Release|Any CPU
		{02A69C3C-07A2-4AB8-886F-736B8EAD0627}.Debug|Any CPU.ActiveCfg = Debug|Any CPU
		{02A69C3C-07A2-4AB8-886F-736B8EAD0627}.Debug|Any CPU.Build.0 = Debug|Any CPU
		{02A69C3C-07A2-4AB8-886F-736B8EAD0627}.Release|Any CPU.ActiveCfg = Release|Any CPU
		{02A69C3C-07A2-4AB8-886F-736B8EAD0627}.Release|Any CPU.Build.0 = Release|Any CPU
		{B0328E8F-E8EC-4FD3-9376-1FB02586D602}.Debug|Any CPU.ActiveCfg = Debug|Any CPU
		{B0328E8F-E8EC-4FD3-9376-1FB02586D602}.Debug|Any CPU.Build.0 = Debug|Any CPU
		{B0328E8F-E8EC-4FD3-9376-1FB02586D602}.Release|Any CPU.ActiveCfg = Release|Any CPU
		{B0328E8F-E8EC-4FD3-9376-1FB02586D602}.Release|Any CPU.Build.0 = Release|Any CPU
		{EF652C46-C879-436E-A63E-CE814B5714CE}.Debug|Any CPU.ActiveCfg = Debug|Any CPU
		{EF652C46-C879-436E-A63E-CE814B5714CE}.Debug|Any CPU.Build.0 = Debug|Any CPU
		{EF652C46-C879-436E-A63E-CE814B5714CE}.Release|Any CPU.ActiveCfg = Release|Any CPU
		{EF652C46-C879-436E-A63E-CE814B5714CE}.Release|Any CPU.Build.0 = Release|Any CPU
		{C6D1B92D-0D74-43BD-A022-558B72879314}.Debug|Any CPU.ActiveCfg = Debug|Any CPU
		{C6D1B92D-0D74-43BD-A022-558B72879314}.Debug|Any CPU.Build.0 = Debug|Any CPU
		{C6D1B92D-0D74-43BD-A022-558B72879314}.Release|Any CPU.ActiveCfg = Release|Any CPU
		{C6D1B92D-0D74-43BD-A022-558B72879314}.Release|Any CPU.Build.0 = Release|Any CPU
		{2D793AAA-E550-4A02-AE07-5028F75D0965}.Debug|Any CPU.ActiveCfg = Debug|Any CPU
		{2D793AAA-E550-4A02-AE07-5028F75D0965}.Debug|Any CPU.Build.0 = Debug|Any CPU
		{2D793AAA-E550-4A02-AE07-5028F75D0965}.Release|Any CPU.ActiveCfg = Release|Any CPU
		{2D793AAA-E550-4A02-AE07-5028F75D0965}.Release|Any CPU.Build.0 = Release|Any CPU
		{EEF0546E-5ADB-4C08-B63A-D7A33F0FDF06}.Debug|Any CPU.ActiveCfg = Debug|Any CPU
		{EEF0546E-5ADB-4C08-B63A-D7A33F0FDF06}.Debug|Any CPU.Build.0 = Debug|Any CPU
		{EEF0546E-5ADB-4C08-B63A-D7A33F0FDF06}.Release|Any CPU.ActiveCfg = Release|Any CPU
		{EEF0546E-5ADB-4C08-B63A-D7A33F0FDF06}.Release|Any CPU.Build.0 = Release|Any CPU
		{BF8E421F-A7FD-4625-A624-F66A0F3C2BDA}.Debug|Any CPU.ActiveCfg = Debug|Any CPU
		{BF8E421F-A7FD-4625-A624-F66A0F3C2BDA}.Debug|Any CPU.Build.0 = Debug|Any CPU
		{BF8E421F-A7FD-4625-A624-F66A0F3C2BDA}.Release|Any CPU.ActiveCfg = Release|Any CPU
		{BF8E421F-A7FD-4625-A624-F66A0F3C2BDA}.Release|Any CPU.Build.0 = Release|Any CPU
		{329E0F20-CB4A-4EE4-84AF-29CD5BD22D62}.Debug|Any CPU.ActiveCfg = Debug|Any CPU
		{329E0F20-CB4A-4EE4-84AF-29CD5BD22D62}.Debug|Any CPU.Build.0 = Debug|Any CPU
		{329E0F20-CB4A-4EE4-84AF-29CD5BD22D62}.Release|Any CPU.ActiveCfg = Release|Any CPU
		{329E0F20-CB4A-4EE4-84AF-29CD5BD22D62}.Release|Any CPU.Build.0 = Release|Any CPU
		{523F7331-77FC-46F9-90C6-72673D025509}.Debug|Any CPU.ActiveCfg = Debug|Any CPU
		{523F7331-77FC-46F9-90C6-72673D025509}.Debug|Any CPU.Build.0 = Debug|Any CPU
		{523F7331-77FC-46F9-90C6-72673D025509}.Release|Any CPU.ActiveCfg = Release|Any CPU
		{523F7331-77FC-46F9-90C6-72673D025509}.Release|Any CPU.Build.0 = Release|Any CPU
	EndGlobalSection
	GlobalSection(NestedProjects) = preSolution
		{D17B3557-E341-433A-8ED0-61197BA6869A} = {D74C9FF0-D35A-47CF-AE41-4533A4A96610}
		{02A69C3C-07A2-4AB8-886F-736B8EAD0627} = {D74C9FF0-D35A-47CF-AE41-4533A4A96610}
		{B0328E8F-E8EC-4FD3-9376-1FB02586D602} = {D74C9FF0-D35A-47CF-AE41-4533A4A96610}
		{EF652C46-C879-436E-A63E-CE814B5714CE} = {D74C9FF0-D35A-47CF-AE41-4533A4A96610}
		{C6D1B92D-0D74-43BD-A022-558B72879314} = {D74C9FF0-D35A-47CF-AE41-4533A4A96610}
		{2D793AAA-E550-4A02-AE07-5028F75D0965} = {D74C9FF0-D35A-47CF-AE41-4533A4A96610}
		{EEF0546E-5ADB-4C08-B63A-D7A33F0FDF06} = {94DCC516-BB49-48C7-BA58-F8EAE21DB7E0}
		{BF8E421F-A7FD-4625-A624-F66A0F3C2BDA} = {94DCC516-BB49-48C7-BA58-F8EAE21DB7E0}
		{329E0F20-CB4A-4EE4-84AF-29CD5BD22D62} = {D74C9FF0-D35A-47CF-AE41-4533A4A96610}
		{523F7331-77FC-46F9-90C6-72673D025509} = {94DCC516-BB49-48C7-BA58-F8EAE21DB7E0}
	EndGlobalSection
EndGlobal
